
Microsoft Visual Studio Solution File, Format Version 12.00
# Visual Studio 2017
Project("{FAE04EC0-301F-11D3-BF4B-00C04F79EFBC}") = "LiberandoRanas", "LiberandoRanas.csproj", "{03ABC42A-8073-D291-EF23-353D5002481C}"
EndProject
Global
	GlobalSection(SolutionConfigurationPlatforms) = preSolution
		Debug|Any CPU = Debug|Any CPU
		Release|Any CPU = Release|Any CPU
	EndGlobalSection
	GlobalSection(ProjectConfigurationPlatforms) = postSolution
		{03ABC42A-8073-D291-EF23-353D5002481C}.Debug|Any CPU.ActiveCfg = Debug|Any CPU
		{03ABC42A-8073-D291-EF23-353D5002481C}.Debug|Any CPU.Build.0 = Debug|Any CPU
		{03ABC42A-8073-D291-EF23-353D5002481C}.Release|Any CPU.ActiveCfg = Release|Any CPU
		{03ABC42A-8073-D291-EF23-353D5002481C}.Release|Any CPU.Build.0 = Release|Any CPU
	EndGlobalSection
	GlobalSection(SolutionProperties) = preSolution
		HideSolutionNode = FALSE
	EndGlobalSection
EndGlobal
